
Microsoft Visual Studio Solution File, Format Version 12.00
# Visual Studio Version 17
VisualStudioVersion = 17.8.34511.84
MinimumVisualStudioVersion = 10.0.40219.1
Project("{FAE04EC0-301F-11D3-BF4B-00C04F79EFBC}") = "RegistrationWithMailCode", "RegistrationWithMailCode\RegistrationWithMailCode.csproj", "{D461BAE4-EC8F-4901-BD78-915093B46705}"
EndProject
Global
	GlobalSection(SolutionConfigurationPlatforms) = preSolution
		Debug|Any CPU = Debug|Any CPU
		Release|Any CPU = Release|Any CPU
	EndGlobalSection
	GlobalSection(ProjectConfigurationPlatforms) = postSolution
		{D461BAE4-EC8F-4901-BD78-915093B46705}.Debug|Any CPU.ActiveCfg = Debug|Any CPU
		{D461BAE4-EC8F-4901-BD78-915093B46705}.Debug|Any CPU.Build.0 = Debug|Any CPU
		{D461BAE4-EC8F-4901-BD78-915093B46705}.Release|Any CPU.ActiveCfg = Release|Any CPU
		{D461BAE4-EC8F-4901-BD78-915093B46705}.Release|Any CPU.Build.0 = Release|Any CPU
	EndGlobalSection
	GlobalSection(SolutionProperties) = preSolution
		HideSolutionNode = FALSE
	EndGlobalSection
	GlobalSection(ExtensibilityGlobals) = postSolution
		SolutionGuid = {455E6ABC-E539-41D3-92BB-2EA314C3A750}
	EndGlobalSection
EndGlobal
